
Microsoft Visual Studio Solution File, Format Version 12.00
# Visual Studio Version 17
VisualStudioVersion = 17.9.34622.214
MinimumVisualStudioVersion = 10.0.40219.1
Project("{FAE04EC0-301F-11D3-BF4B-00C04F79EFBC}") = "Rehber", "Rehber\Rehber.csproj", "{0724AAE0-E3DF-4574-B52E-FE0B418BE5FC}"
EndProject
Global
	GlobalSection(SolutionConfigurationPlatforms) = preSolution
		Debug|Any CPU = Debug|Any CPU
		Release|Any CPU = Release|Any CPU
	EndGlobalSection
	GlobalSection(ProjectConfigurationPlatforms) = postSolution
		{0724AAE0-E3DF-4574-B52E-FE0B418BE5FC}.Debug|Any CPU.ActiveCfg = Debug|Any CPU
		{0724AAE0-E3DF-4574-B52E-FE0B418BE5FC}.Debug|Any CPU.Build.0 = Debug|Any CPU
		{0724AAE0-E3DF-4574-B52E-FE0B418BE5FC}.Release|Any CPU.ActiveCfg = Release|Any CPU
		{0724AAE0-E3DF-4574-B52E-FE0B418BE5FC}.Release|Any CPU.Build.0 = Release|Any CPU
	EndGlobalSection
	GlobalSection(SolutionProperties) = preSolution
		HideSolutionNode = FALSE
	EndGlobalSection
	GlobalSection(ExtensibilityGlobals) = postSolution
		SolutionGuid = {533F443D-3C40-452A-92B6-FD0F279DBD33}
	EndGlobalSection
EndGlobal
