
Microsoft Visual Studio Solution File, Format Version 12.00
# Visual Studio Version 17
VisualStudioVersion = 17.9.34622.214
MinimumVisualStudioVersion = 10.0.40219.1
Project("{FAE04EC0-301F-11D3-BF4B-00C04F79EFBC}") = "Test_Trigger", "Test_Trigger\Test_Trigger.csproj", "{DEE717AE-08CE-4896-8BF3-067FD27EFE25}"
EndProject
Global
	GlobalSection(SolutionConfigurationPlatforms) = preSolution
		Debug|Any CPU = Debug|Any CPU
		Release|Any CPU = Release|Any CPU
	EndGlobalSection
	GlobalSection(ProjectConfigurationPlatforms) = postSolution
		{DEE717AE-08CE-4896-8BF3-067FD27EFE25}.Debug|Any CPU.ActiveCfg = Debug|Any CPU
		{DEE717AE-08CE-4896-8BF3-067FD27EFE25}.Debug|Any CPU.Build.0 = Debug|Any CPU
		{DEE717AE-08CE-4896-8BF3-067FD27EFE25}.Release|Any CPU.ActiveCfg = Release|Any CPU
		{DEE717AE-08CE-4896-8BF3-067FD27EFE25}.Release|Any CPU.Build.0 = Release|Any CPU
	EndGlobalSection
	GlobalSection(SolutionProperties) = preSolution
		HideSolutionNode = FALSE
	EndGlobalSection
	GlobalSection(ExtensibilityGlobals) = postSolution
		SolutionGuid = {7BE84B8D-F260-4850-9C17-9C1EDABE2861}
	EndGlobalSection
EndGlobal
