
Microsoft Visual Studio Solution File, Format Version 12.00
# Visual Studio Version 17
VisualStudioVersion = 17.9.34622.214
MinimumVisualStudioVersion = 10.0.40219.1
Project("{FAE04EC0-301F-11D3-BF4B-00C04F79EFBC}") = "Test_RSS", "Test_RSS\Test_RSS.csproj", "{6D3AE86D-F8EB-4727-AB8D-080B1A489133}"
EndProject
Global
	GlobalSection(SolutionConfigurationPlatforms) = preSolution
		Debug|Any CPU = Debug|Any CPU
		Release|Any CPU = Release|Any CPU
	EndGlobalSection
	GlobalSection(ProjectConfigurationPlatforms) = postSolution
		{6D3AE86D-F8EB-4727-AB8D-080B1A489133}.Debug|Any CPU.ActiveCfg = Debug|Any CPU
		{6D3AE86D-F8EB-4727-AB8D-080B1A489133}.Debug|Any CPU.Build.0 = Debug|Any CPU
		{6D3AE86D-F8EB-4727-AB8D-080B1A489133}.Release|Any CPU.ActiveCfg = Release|Any CPU
		{6D3AE86D-F8EB-4727-AB8D-080B1A489133}.Release|Any CPU.Build.0 = Release|Any CPU
	EndGlobalSection
	GlobalSection(SolutionProperties) = preSolution
		HideSolutionNode = FALSE
	EndGlobalSection
	GlobalSection(ExtensibilityGlobals) = postSolution
		SolutionGuid = {DAFE4D3B-D5C8-4787-BA42-E3C2C34C05C7}
	EndGlobalSection
EndGlobal
